{
  "name": "deckgl-tile3dlayer",
  "version": "1.0.0",
  "lockfileVersion": 1,
  "requires": true,
  "dependencies": {
    "@babel/runtime": {
      "version": "7.12.5",
      "resolved": "https://registry.npmjs.org/@babel/runtime/-/runtime-7.12.5.tgz",
      "integrity": "sha512-plcc+hbExy3McchJCEQG3knOsuh3HH+Prx1P6cLIkET/0dLuQDEnrT+s27Axgc9bqfsmNUNHfscgMUdBpC9xfg==",
      "requires": {
        "regenerator-runtime": "^0.13.4"
      }
    },
    "@deck.gl/aggregation-layers": {
      "version": "8.3.11",
      "resolved": "https://registry.npmjs.org/@deck.gl/aggregation-layers/-/aggregation-layers-8.3.11.tgz",
      "integrity": "sha512-pW42S1pc8Rd2Zvfj+aH/BYRiYFLz9M7CafVLGh+ximJzoS8FOmk/ONjrjlR+h/bKq/Lu5q1ueZqVGiDtW5A2SA==",
      "requires": {
        "@luma.gl/shadertools": "^8.3.1",
        "@math.gl/web-mercator": "^3.3.0",
        "d3-hexbin": "^0.2.1"
      }
    },
    "@deck.gl/carto": {
      "version": "8.3.11",
      "resolved": "https://registry.npmjs.org/@deck.gl/carto/-/carto-8.3.11.tgz",
      "integrity": "sha512-VGCsFBGTcLO1nVEXe/bS4yQZcT1FuVT7DRvdA5izf9ie0t8cbOZBqtu3G/ox98AR9UVtS26dD+7jZa51jGWqtA==",
      "requires": {
        "@loaders.gl/loader-utils": "^2.3.0",
        "@loaders.gl/mvt": "^2.3.0",
        "@loaders.gl/tiles": "^2.3.0",
        "@math.gl/web-mercator": "^3.3.0"
      }
    },
    "@deck.gl/core": {
      "version": "8.3.11",
      "resolved": "https://registry.npmjs.org/@deck.gl/core/-/core-8.3.11.tgz",
      "integrity": "sha512-iNye73OKAJBS9lLsZVOeMisalUulYLn+Lf8Kv0B5Bu72GwoWMJPIQnu/YTdhQAa273jIkEAIJQ69ntaYxC5vGQ==",
      "requires": {
        "@loaders.gl/core": "^2.3.0",
        "@loaders.gl/images": "^2.3.0",
        "@luma.gl/core": "^8.3.1",
        "@math.gl/web-mercator": "^3.3.0",
        "gl-matrix": "^3.0.0",
        "math.gl": "^3.3.0",
        "mjolnir.js": "^2.3.0",
        "probe.gl": "^3.2.1"
      }
    },
    "@deck.gl/extensions": {
      "version": "8.3.11",
      "resolved": "https://registry.npmjs.org/@deck.gl/extensions/-/extensions-8.3.11.tgz",
      "integrity": "sha512-5dKFVmyhFB3JJxgniivFX7CkRaxafMPw3OKuooeEzYOtIKT7YfrYgHm9UeFIWebk3Q1OKMVKeZyO+Sxvtmcsag==",
      "requires": {
        "@luma.gl/shadertools": "^8.3.1"
      }
    },
    "@deck.gl/geo-layers": {
      "version": "8.3.11",
      "resolved": "https://registry.npmjs.org/@deck.gl/geo-layers/-/geo-layers-8.3.11.tgz",
      "integrity": "sha512-iq9GyR26ut1pey3jVDRDoMbEMBg1bbDMDS+3ImVodtLbt+fFr4UiD6Dtqmmuxmkxo7XoS6cGj73P6QRS3MHNbw==",
      "requires": {
        "@loaders.gl/3d-tiles": "^2.3.0",
        "@loaders.gl/loader-utils": "^2.3.0",
        "@loaders.gl/mvt": "^2.3.0",
        "@loaders.gl/terrain": "^2.3.0",
        "@loaders.gl/tiles": "^2.3.0",
        "@math.gl/culling": "^3.3.0",
        "@math.gl/web-mercator": "^3.3.0",
        "h3-js": "^3.6.0",
        "long": "^3.2.0",
        "math.gl": "^3.3.0"
      }
    },
    "@deck.gl/google-maps": {
      "version": "8.3.11",
      "resolved": "https://registry.npmjs.org/@deck.gl/google-maps/-/google-maps-8.3.11.tgz",
      "integrity": "sha512-EIZiKpBIWxjiQ1MafbUF8I9Sv4d6HYXlBUi31h2f263ksIn3e8xDd3D5Bm2okvJY1NAZHgplBMiS2x3YC9jObg=="
    },
    "@deck.gl/json": {
      "version": "8.3.11",
      "resolved": "https://registry.npmjs.org/@deck.gl/json/-/json-8.3.11.tgz",
      "integrity": "sha512-mULArSyXMF9xCzsKgtOSQ9fFmz6kNQeCkYYmGCOvxHXQw3SiS/reVBgjhBFacW2CTO3IF3mqrC10b9ua88qiQw==",
      "requires": {
        "d3-dsv": "^1.0.8",
        "expression-eval": "^2.0.0"
      }
    },
    "@deck.gl/layers": {
      "version": "8.3.11",
      "resolved": "https://registry.npmjs.org/@deck.gl/layers/-/layers-8.3.11.tgz",
      "integrity": "sha512-sEXUt237SCgrd/2h0PSbrIGnXoJ8RhB6ZPk/+i0331v7dXWtdZVS4HZNGUw8todnqmDzXEW6f6aU0b83ZrYdUw==",
      "requires": {
        "@loaders.gl/images": "^2.3.0",
        "@mapbox/tiny-sdf": "^1.1.0",
        "@math.gl/polygon": "^3.3.0",
        "earcut": "^2.0.6"
      }
    },
    "@deck.gl/mapbox": {
      "version": "8.3.11",
      "resolved": "https://registry.npmjs.org/@deck.gl/mapbox/-/mapbox-8.3.11.tgz",
      "integrity": "sha512-YpuBzVr9+mSzlkPzCmuqAyd6HAgCM3F0pMEqnQUxyIJXQLEs9rKm2+IKEzdOYX48GpyrlIG+8LRzGsbWCvqlJA=="
    },
    "@deck.gl/mesh-layers": {
      "version": "8.3.11",
      "resolved": "https://registry.npmjs.org/@deck.gl/mesh-layers/-/mesh-layers-8.3.11.tgz",
      "integrity": "sha512-a8HRDay45OLuFMgnJnVb8MaxPmXMskpBuz2SrF4mBYeMOc/rJgHHy35NekRIHrSNDIn/vNvDGBHYPibfgzkMPQ==",
      "requires": {
        "@luma.gl/experimental": "^8.3.1",
        "@luma.gl/shadertools": "^8.3.1"
      }
    },
    "@deck.gl/react": {
      "version": "8.3.11",
      "resolved": "https://registry.npmjs.org/@deck.gl/react/-/react-8.3.11.tgz",
      "integrity": "sha512-+PLDINk+plDfkz9mnzFFbbOZfiVFI3Ra8E9Twr+u34fe72r/1yrZYJSyzb+XQN1M831xs4ygqPEBSl5A8JCxgQ==",
      "requires": {
        "prop-types": "^15.6.0"
      }
    },
    "@loaders.gl/3d-tiles": {
      "version": "2.3.7",
      "resolved": "https://registry.npmjs.org/@loaders.gl/3d-tiles/-/3d-tiles-2.3.7.tgz",
      "integrity": "sha512-Dw+bjkO4BUEcJUXB7iAlh2RzaDWjDFTvqiUW+WPT+2WSUjD8EAVZ1WIo/cQFK5DgulLRO09dYlRTPlo6WuNpfQ==",
      "requires": {
        "@loaders.gl/core": "2.3.7",
        "@loaders.gl/draco": "2.3.7",
        "@loaders.gl/gltf": "2.3.7",
        "@loaders.gl/loader-utils": "2.3.7",
        "@loaders.gl/math": "2.3.7",
        "@loaders.gl/tiles": "2.3.7",
        "@math.gl/core": "^3.3.0",
        "@math.gl/geospatial": "^3.3.0",
        "@probe.gl/stats": "^3.3.0"
      }
    },
    "@loaders.gl/core": {
      "version": "2.3.7",
      "resolved": "https://registry.npmjs.org/@loaders.gl/core/-/core-2.3.7.tgz",
      "integrity": "sha512-jFKhN2+7JwyoIRzJ0YtWHqjhFtVRum7HVqFqVcz8I8NosB5LEdswnnpGVxTtM5XLIaixdGzfH8i8jq37Kpg0Ag==",
      "requires": {
        "@babel/runtime": "^7.3.1",
        "@loaders.gl/loader-utils": "2.3.7"
      }
    },
    "@loaders.gl/draco": {
      "version": "2.3.7",
      "resolved": "https://registry.npmjs.org/@loaders.gl/draco/-/draco-2.3.7.tgz",
      "integrity": "sha512-sY0Kbfm6k6BuzMeMJZLYh/c/FKqZ7T3OU/gDsK5s+OPoKYgu64qnBWhRs1Yx3acOfRNVR7iGE2x5q2MBpu1F/g==",
      "requires": {
        "@babel/runtime": "^7.3.1",
        "@loaders.gl/loader-utils": "2.3.7",
        "draco3d": "^1.3.6"
      }
    },
    "@loaders.gl/gis": {
      "version": "2.3.7",
      "resolved": "https://registry.npmjs.org/@loaders.gl/gis/-/gis-2.3.7.tgz",
      "integrity": "sha512-zQAWKedBBJECK2+TokMfu7rV//Kv9nGNCYwulu+221bP1XmJz9SgdsWMj3RuSALVPet/ia/RV3Mdg4p324SKUA==",
      "requires": {
        "@loaders.gl/loader-utils": "2.3.7",
        "@mapbox/vector-tile": "^1.3.1",
        "pbf": "^3.2.1"
      }
    },
    "@loaders.gl/gltf": {
      "version": "2.3.7",
      "resolved": "https://registry.npmjs.org/@loaders.gl/gltf/-/gltf-2.3.7.tgz",
      "integrity": "sha512-M/4Fwht+/GWKG8YM74YFo7e+6MJdmHKGbl7kqerjSKHBOGAU16VUTTIgtPNzTyFFNwmJz/umZ5gfvz7fTC/+2g==",
      "requires": {
        "@loaders.gl/core": "2.3.7",
        "@loaders.gl/draco": "2.3.7",
        "@loaders.gl/images": "2.3.7",
        "@loaders.gl/loader-utils": "2.3.7"
      }
    },
    "@loaders.gl/images": {
      "version": "2.3.7",
      "resolved": "https://registry.npmjs.org/@loaders.gl/images/-/images-2.3.7.tgz",
      "integrity": "sha512-JMLXyjUEZz6MuCmeQtXYfiH6+SOkvUZ2uS36HaYl7aPshq3pIRJd8EBu9FuB3ObK8V7E3zqZKbtoQW9lAASWPg==",
      "requires": {
        "@loaders.gl/loader-utils": "2.3.7"
      }
    },
    "@loaders.gl/loader-utils": {
      "version": "2.3.7",
      "resolved": "https://registry.npmjs.org/@loaders.gl/loader-utils/-/loader-utils-2.3.7.tgz",
      "integrity": "sha512-PYjlt7UmUNqAb/F/52Om/hJt6yEZdIH6ucH+145kEKBTqVR45z5K1/3DrNjQg0Ofo9yUMbVGdtACT4mVlbBrzg==",
      "requires": {
        "@babel/runtime": "^7.3.1",
        "@probe.gl/stats": "^3.3.0"
      }
    },
    "@loaders.gl/math": {
      "version": "2.3.7",
      "resolved": "https://registry.npmjs.org/@loaders.gl/math/-/math-2.3.7.tgz",
      "integrity": "sha512-R1DoMgiDqzkGJb9QYA9vr9N2WksWC5TOGbIWeo8YZ6xhOrkoGEdAflEXPQkKIxoG8UBOdLmchRYbsLOblx8Rog==",
      "requires": {
        "@loaders.gl/images": "2.3.7",
        "@loaders.gl/loader-utils": "2.3.7",
        "@math.gl/core": "^3.3.0"
      }
    },
    "@loaders.gl/mvt": {
      "version": "2.3.7",
      "resolved": "https://registry.npmjs.org/@loaders.gl/mvt/-/mvt-2.3.7.tgz",
      "integrity": "sha512-LiaRODNHHhx9OeVRHzFp7rayQJx3y6MhLwuGUhj1VJA8wzlC5c/s/SuHTHL331zUj6QiBMtHXOYXYYn/hx1ShA==",
      "requires": {
        "@loaders.gl/gis": "2.3.7",
        "@loaders.gl/loader-utils": "2.3.7",
        "@mapbox/point-geometry": "~0.1.0",
        "@mapbox/vector-tile": "^1.3.1",
        "pbf": "^3.2.1"
      }
    },
    "@loaders.gl/terrain": {
      "version": "2.3.7",
      "resolved": "https://registry.npmjs.org/@loaders.gl/terrain/-/terrain-2.3.7.tgz",
      "integrity": "sha512-CNHVeJjMeADPXhyImXIZ0Wmn07ZvqIB+CfPQI419fvZj7gQQ8G/Nmv8B85rU4vYO5xaFtosBhaiHQMqBO34klQ==",
      "requires": {
        "@babel/runtime": "^7.3.1",
        "@loaders.gl/loader-utils": "2.3.7",
        "@mapbox/martini": "^0.2.0"
      }
    },
    "@loaders.gl/tiles": {
      "version": "2.3.7",
      "resolved": "https://registry.npmjs.org/@loaders.gl/tiles/-/tiles-2.3.7.tgz",
      "integrity": "sha512-k+lXRIa2FerwE4cJmYFqKqtSNQtlr0Q/p7qOoyAGdhYk5sWy33ZYrpbvVn+aVZOCTaBNLnm7sivq0sMZpjB9ig==",
      "requires": {
        "@loaders.gl/core": "2.3.7",
        "@loaders.gl/loader-utils": "2.3.7",
        "@loaders.gl/math": "2.3.7",
        "@math.gl/core": "^3.3.0",
        "@math.gl/culling": "^3.3.0",
        "@math.gl/geospatial": "^3.3.0",
        "@math.gl/web-mercator": "^3.3.0",
        "@probe.gl/stats": "^3.3.0"
      }
    },
    "@luma.gl/constants": {
      "version": "8.3.2",
      "resolved": "https://registry.npmjs.org/@luma.gl/constants/-/constants-8.3.2.tgz",
      "integrity": "sha512-KSNNXv5eE9bkMH2AcZpLysqNEU0SDDZ8JthjHtkdVyOSr4yMeAaRXyWeSuLJITiemXkm4Um8jX6Ub12OW9JPug=="
    },
    "@luma.gl/core": {
      "version": "8.3.2",
      "resolved": "https://registry.npmjs.org/@luma.gl/core/-/core-8.3.2.tgz",
      "integrity": "sha512-VNFAI0o54+e5biugtz19p2Mapv2xFTZ3qqtWE4xwqst4K/HqvWhoBcWsS5NYlzD6ipsUWTlaidA4ROkbFJINMw==",
      "requires": {
        "@babel/runtime": "^7.0.0",
        "@luma.gl/constants": "8.3.2",
        "@luma.gl/engine": "8.3.2",
        "@luma.gl/shadertools": "8.3.2",
        "@luma.gl/webgl": "8.3.2"
      }
    },
    "@luma.gl/engine": {
      "version": "8.3.2",
      "resolved": "https://registry.npmjs.org/@luma.gl/engine/-/engine-8.3.2.tgz",
      "integrity": "sha512-9msfc/7HemWrCyIbBH9FA3LgOeaPhuit9e+YcEw3UCAo+6AY/+V1EAawne1Lvd4lXgNQb3L8L5yAP60Qr8rGxA==",
      "requires": {
        "@babel/runtime": "^7.0.0",
        "@luma.gl/constants": "8.3.2",
        "@luma.gl/gltools": "8.3.2",
        "@luma.gl/shadertools": "8.3.2",
        "@luma.gl/webgl": "8.3.2",
        "math.gl": "^3.3.0",
        "probe.gl": "^3.2.1"
      }
    },
    "@luma.gl/experimental": {
      "version": "8.3.2",
      "resolved": "https://registry.npmjs.org/@luma.gl/experimental/-/experimental-8.3.2.tgz",
      "integrity": "sha512-X0Qv7KUNT311ec6/TQzv4LXvcLpsF62+CurjBQ/vXmpHAhWU7Ufx2Vhab43rrkHvoUXnSmQL62I8HBDtaTL/fw==",
      "requires": {
        "@luma.gl/constants": "8.3.2",
        "earcut": "^2.0.6",
        "math.gl": "^3.3.0"
      }
    },
    "@luma.gl/gltools": {
      "version": "8.3.2",
      "resolved": "https://registry.npmjs.org/@luma.gl/gltools/-/gltools-8.3.2.tgz",
      "integrity": "sha512-JGsVdFkr9o74nn1D8vf9huW1hcZiGNAhOtA2jAv9GG4oHPIKLRN8p95QroYMFYl/DcfAxXNR+Mq7hPiTtDiw9w==",
      "requires": {
        "@babel/runtime": "^7.0.0",
        "@luma.gl/constants": "8.3.2",
        "probe.gl": "^3.2.1"
      }
    },
    "@luma.gl/shadertools": {
      "version": "8.3.2",
      "resolved": "https://registry.npmjs.org/@luma.gl/shadertools/-/shadertools-8.3.2.tgz",
      "integrity": "sha512-XEAPtEyfcrL9qNdv/xUxxFRmxYwx+LEJMyJ0rUGEZL17a1JMUsyW1B+5EnoNPQEMY4mL1vpa83qHPHX5gYw1FA==",
      "requires": {
        "@babel/runtime": "^7.0.0",
        "math.gl": "^3.3.0"
      }
    },
    "@luma.gl/webgl": {
      "version": "8.3.2",
      "resolved": "https://registry.npmjs.org/@luma.gl/webgl/-/webgl-8.3.2.tgz",
      "integrity": "sha512-mO3/DCCs/VlQbjFbqGE6FlGX/qU6pdMtS26JBCAV30dR40LO41uWWEz9HniDv92QPDPb+ZNCa5/yYbtLpZnADw==",
      "requires": {
        "@babel/runtime": "^7.0.0",
        "@luma.gl/constants": "8.3.2",
        "@luma.gl/gltools": "8.3.2",
        "probe.gl": "^3.2.1"
      }
    },
    "@mapbox/martini": {
      "version": "0.2.0",
      "resolved": "https://registry.npmjs.org/@mapbox/martini/-/martini-0.2.0.tgz",
      "integrity": "sha512-7hFhtkb0KTLEls+TRw/rWayq5EeHtTaErgm/NskVoXmtgAQu/9D299aeyj6mzAR/6XUnYRp2lU+4IcrYRFjVsQ=="
    },
    "@mapbox/point-geometry": {
      "version": "0.1.0",
      "resolved": "https://registry.npmjs.org/@mapbox/point-geometry/-/point-geometry-0.1.0.tgz",
      "integrity": "sha1-ioP5M1x4YO/6Lu7KJUMyqgru2PI="
    },
    "@mapbox/tiny-sdf": {
      "version": "1.1.1",
      "resolved": "https://registry.npmjs.org/@mapbox/tiny-sdf/-/tiny-sdf-1.1.1.tgz",
      "integrity": "sha512-Ihn1nZcGIswJ5XGbgFAvVumOgWpvIjBX9jiRlIl46uQG9vJOF51ViBYHF95rEZupuyQbEmhLaDPLQlU7fUTsBg=="
    },
    "@mapbox/vector-tile": {
      "version": "1.3.1",
      "resolved": "https://registry.npmjs.org/@mapbox/vector-tile/-/vector-tile-1.3.1.tgz",
      "integrity": "sha512-MCEddb8u44/xfQ3oD+Srl/tNcQoqTw3goGk2oLsrFxOTc3dUp+kAnby3PvAeeBYSMSjSPD1nd1AJA6W49WnoUw==",
      "requires": {
        "@mapbox/point-geometry": "~0.1.0"
      }
    },
    "@math.gl/core": {
      "version": "3.3.2",
      "resolved": "https://registry.npmjs.org/@math.gl/core/-/core-3.3.2.tgz",
      "integrity": "sha512-W0QoVrdjiLs52ivtozrHbCitqWGNsWi4TwdfBckhOaeB5cE/R/pyOXfvLmdwGj2b1TLSg8SwgZLlmkWG776GKw==",
      "requires": {
        "@babel/runtime": "^7.0.0",
        "gl-matrix": "^3.0.0"
      }
    },
    "@math.gl/culling": {
      "version": "3.3.2",
      "resolved": "https://registry.npmjs.org/@math.gl/culling/-/culling-3.3.2.tgz",
      "integrity": "sha512-tzfEMoFOc9Ee0gf3AyflMS4YxJGcKMqZAv17GRwCqb2q752v1NLIeC8JiCnlS31kLWsN9X/1xQQiDmhrnq451g==",
      "requires": {
        "@babel/runtime": "^7.0.0",
        "@math.gl/core": "3.3.2",
        "gl-matrix": "^3.0.0"
      }
    },
    "@math.gl/geospatial": {
      "version": "3.3.2",
      "resolved": "https://registry.npmjs.org/@math.gl/geospatial/-/geospatial-3.3.2.tgz",
      "integrity": "sha512-Drz8XK/VYiG9nj05daUHYSOrMSav2qSEROQNgt5egqouFDTWAIPooraJln+FB2F4wwA9oypFaH7jUH11X/CjEg==",
      "requires": {
        "@babel/runtime": "^7.0.0",
        "@math.gl/core": "3.3.2",
        "gl-matrix": "^3.0.0"
      }
    },
    "@math.gl/polygon": {
      "version": "3.3.2",
      "resolved": "https://registry.npmjs.org/@math.gl/polygon/-/polygon-3.3.2.tgz",
      "integrity": "sha512-pxiXv9FRwrwvpwvlLOtL2OhAGoac6u+1BPsd3W9YolNRN1CaxflaSZbEGU2CSaanb2GtUH15XWeDYi9hTjIgow==",
      "requires": {
        "@math.gl/core": "3.3.2"
      }
    },
    "@math.gl/web-mercator": {
      "version": "3.3.2",
      "resolved": "https://registry.npmjs.org/@math.gl/web-mercator/-/web-mercator-3.3.2.tgz",
      "integrity": "sha512-84NNnwP97Xwm1ynZzat1BuEU2uLyIw0gzG5uvGMrAzezny2P38+E2cUK8t9eptKa8gjk2MaC7hhcO0saFCZTHw==",
      "requires": {
        "@babel/runtime": "^7.0.0",
        "gl-matrix": "^3.0.0"
      }
    },
    "@probe.gl/stats": {
      "version": "3.3.0",
      "resolved": "https://registry.npmjs.org/@probe.gl/stats/-/stats-3.3.0.tgz",
      "integrity": "sha512-CV4c3EgallqZTO88u34/u9L5asL0nCVP1BEkb4qcXlh8Qz2Vmygbyjz1ViQsct6rSi2lJ52lo6W0PnlpZJJvcA==",
      "requires": {
        "@babel/runtime": "^7.0.0"
      }
    },
    "commander": {
      "version": "2.20.3",
      "resolved": "https://registry.npmjs.org/commander/-/commander-2.20.3.tgz",
      "integrity": "sha512-GpVkmM8vF2vQUkj2LvZmD35JxeJOLCwJ9cUkugyk2nuhbv3+mJvpLYYt+0+USMxE+oj+ey/lJEnhZw75x/OMcQ=="
    },
    "d3-collection": {
      "version": "1.0.7",
      "resolved": "https://registry.npmjs.org/d3-collection/-/d3-collection-1.0.7.tgz",
      "integrity": "sha512-ii0/r5f4sjKNTfh84Di+DpztYwqKhEyUlKoPrzUFfeSkWxjW49xU2QzO9qrPrNkpdI0XJkfzvmTu8V2Zylln6A=="
    },
    "d3-dispatch": {
      "version": "1.0.6",
      "resolved": "https://registry.npmjs.org/d3-dispatch/-/d3-dispatch-1.0.6.tgz",
      "integrity": "sha512-fVjoElzjhCEy+Hbn8KygnmMS7Or0a9sI2UzGwoB7cCtvI1XpVN9GpoYlnb3xt2YV66oXYb1fLJ8GMvP4hdU1RA=="
    },
    "d3-dsv": {
      "version": "1.2.0",
      "resolved": "https://registry.npmjs.org/d3-dsv/-/d3-dsv-1.2.0.tgz",
      "integrity": "sha512-9yVlqvZcSOMhCYzniHE7EVUws7Fa1zgw+/EAV2BxJoG3ME19V6BQFBwI855XQDsxyOuG7NibqRMTtiF/Qup46g==",
      "requires": {
        "commander": "2",
        "iconv-lite": "0.4",
        "rw": "1"
      }
    },
    "d3-hexbin": {
      "version": "0.2.2",
      "resolved": "https://registry.npmjs.org/d3-hexbin/-/d3-hexbin-0.2.2.tgz",
      "integrity": "sha1-nFg32s/UcasFM3qeke8Qv8T5iDE="
    },
    "d3-request": {
      "version": "1.0.6",
      "resolved": "https://registry.npmjs.org/d3-request/-/d3-request-1.0.6.tgz",
      "integrity": "sha512-FJj8ySY6GYuAJHZMaCQ83xEYE4KbkPkmxZ3Hu6zA1xxG2GD+z6P+Lyp+zjdsHf0xEbp2xcluDI50rCS855EQ6w==",
      "requires": {
        "d3-collection": "1",
        "d3-dispatch": "1",
        "d3-dsv": "1",
        "xmlhttprequest": "1"
      }
    },
    "deck.gl": {
      "version": "8.3.11",
      "resolved": "https://registry.npmjs.org/deck.gl/-/deck.gl-8.3.11.tgz",
      "integrity": "sha512-x5/L9lH5rr8zzx9EKtwI69rOeifI0X/5jnnb1qIig7JUX8GVYdH+JZi/RIu6L3YlBaJ0KrehycSn3tubb8h3tg==",
      "requires": {
        "@deck.gl/aggregation-layers": "8.3.11",
        "@deck.gl/carto": "8.3.11",
        "@deck.gl/core": "8.3.11",
        "@deck.gl/extensions": "8.3.11",
        "@deck.gl/geo-layers": "8.3.11",
        "@deck.gl/google-maps": "8.3.11",
        "@deck.gl/json": "8.3.11",
        "@deck.gl/layers": "8.3.11",
        "@deck.gl/mapbox": "8.3.11",
        "@deck.gl/mesh-layers": "8.3.11",
        "@deck.gl/react": "8.3.11"
      }
    },
    "draco3d": {
      "version": "1.4.1",
      "resolved": "https://registry.npmjs.org/draco3d/-/draco3d-1.4.1.tgz",
      "integrity": "sha512-9Rxonc70xiovBC+Bq1h57SNZIHzWTibU1VfIGp5z3Xx8dPtv4yT5uGhiH7P5uvJRR2jkrvHafRxR7bTANkvfpg=="
    },
    "earcut": {
      "version": "2.2.2",
      "resolved": "https://registry.npmjs.org/earcut/-/earcut-2.2.2.tgz",
      "integrity": "sha512-eZoZPPJcUHnfRZ0PjLvx2qBordSiO8ofC3vt+qACLM95u+4DovnbYNpQtJh0DNsWj8RnxrQytD4WA8gj5cRIaQ=="
    },
    "expression-eval": {
      "version": "2.1.0",
      "resolved": "https://registry.npmjs.org/expression-eval/-/expression-eval-2.1.0.tgz",
      "integrity": "sha512-FUJO/Akvl/JOWkvlqZaqbkhsEWlCJWDeZG4tzX96UH68D9FeRgYgtb55C2qtqbORC0Q6x5419EDjWu4IT9kQfg==",
      "requires": {
        "jsep": "^0.3.0"
      }
    },
    "gl-matrix": {
      "version": "3.3.0",
      "resolved": "https://registry.npmjs.org/gl-matrix/-/gl-matrix-3.3.0.tgz",
      "integrity": "sha512-COb7LDz+SXaHtl/h4LeaFcNdJdAQSDeVqjiIihSXNrkWObZLhDI4hIkZC11Aeqp7bcE72clzB0BnDXr2SmslRA=="
    },
    "h3-js": {
      "version": "3.7.0",
      "resolved": "https://registry.npmjs.org/h3-js/-/h3-js-3.7.0.tgz",
      "integrity": "sha512-EcH/qGU4khZsAEG39Uu8MvaCing0JFcuoe3K4Xmg5MofDIu1cNJl7z2AQS8ggvXGxboiLJqsGirhEqFKdd2gAA=="
    },
    "hammerjs": {
      "version": "2.0.8",
      "resolved": "https://registry.npmjs.org/hammerjs/-/hammerjs-2.0.8.tgz",
      "integrity": "sha1-BO93hiz/K7edMPdpIJWTAiK/YPE="
    },
    "iconv-lite": {
      "version": "0.4.24",
      "resolved": "https://registry.npmjs.org/iconv-lite/-/iconv-lite-0.4.24.tgz",
      "integrity": "sha512-v3MXnZAcvnywkTUEZomIActle7RXXeedOR31wwl7VlyoXO4Qi9arvSenNQWne1TcRwhCL1HwLI21bEqdpj8/rA==",
      "requires": {
        "safer-buffer": ">= 2.1.2 < 3"
      }
    },
    "ieee754": {
      "version": "1.2.1",
      "resolved": "https://registry.npmjs.org/ieee754/-/ieee754-1.2.1.tgz",
      "integrity": "sha512-dcyqhDvX1C46lXZcVqCpK+FtMRQVdIMN6/Df5js2zouUsqG7I6sFxitIC+7KYK29KdXOLHdu9zL4sFnoVQnqaA=="
    },
    "js-tokens": {
      "version": "4.0.0",
      "resolved": "https://registry.npmjs.org/js-tokens/-/js-tokens-4.0.0.tgz",
      "integrity": "sha512-RdJUflcE3cUzKiMqQgsCu06FPu9UdIJO0beYbPhHN4k6apgJtifcoCtT9bcxOpYBtpD2kCM6Sbzg4CausW/PKQ=="
    },
    "jsep": {
      "version": "0.3.5",
      "resolved": "https://registry.npmjs.org/jsep/-/jsep-0.3.5.tgz",
      "integrity": "sha512-AoRLBDc6JNnKjNcmonituEABS5bcfqDhQAWWXNTFrqu6nVXBpBAGfcoTGZMFlIrh9FjmE1CQyX9CTNwZrXMMDA=="
    },
    "loaders.gl": {
      "version": "0.3.5",
      "resolved": "https://registry.npmjs.org/loaders.gl/-/loaders.gl-0.3.5.tgz",
      "integrity": "sha512-En5xaJLrfjnoM+Pl8pCDCr4XwIxR55SCD0KYM23Xd5CDSmj8QZhQIN1H1hYt/evM5lGcGOQQsgfWykZANZcfsw==",
      "requires": {
        "d3-request": "^1.0.6",
        "draco3d": "^1.3.3",
        "webgl-obj-loader": "^1.1.3"
      }
    },
    "long": {
      "version": "3.2.0",
      "resolved": "https://registry.npmjs.org/long/-/long-3.2.0.tgz",
      "integrity": "sha1-2CG3E4yhy1gcFymQ7xTbIAtcR0s="
    },
    "loose-envify": {
      "version": "1.4.0",
      "resolved": "https://registry.npmjs.org/loose-envify/-/loose-envify-1.4.0.tgz",
      "integrity": "sha512-lyuxPGr/Wfhrlem2CL/UcnUc1zcqKAImBDzukY7Y5F/yQiNdko6+fRLevlw1HgMySw7f611UIY408EtxRSoK3Q==",
      "requires": {
        "js-tokens": "^3.0.0 || ^4.0.0"
      }
    },
    "math.gl": {
      "version": "3.3.2",
      "resolved": "https://registry.npmjs.org/math.gl/-/math.gl-3.3.2.tgz",
      "integrity": "sha512-33CWhbeiQxl+lzpnKdKijH9mPdZRQUP9TlBILNh6xhnJdMD9D+Kle6Xhfb8dMllE1UUQcPZlQ8/Sd1qSVtNsKQ==",
      "requires": {
        "@math.gl/core": "3.3.2"
      }
    },
    "mjolnir.js": {
      "version": "2.5.0",
      "resolved": "https://registry.npmjs.org/mjolnir.js/-/mjolnir.js-2.5.0.tgz",
      "integrity": "sha512-YkVoyKs7qm9xvAgRgjx3Md/7eYqmq7VXOgTKQNnmuzcBJzMebjdIWa7FdTd0RZBrw3UL6V6TTktsxJwBMLXUNA==",
      "requires": {
        "@babel/runtime": "^7.0.0",
        "hammerjs": "^2.0.8"
      }
    },
    "object-assign": {
      "version": "4.1.1",
      "resolved": "https://registry.npmjs.org/object-assign/-/object-assign-4.1.1.tgz",
      "integrity": "sha1-IQmtx5ZYh8/AXLvUQsrIv7s2CGM="
    },
    "pbf": {
      "version": "3.2.1",
      "resolved": "https://registry.npmjs.org/pbf/-/pbf-3.2.1.tgz",
      "integrity": "sha512-ClrV7pNOn7rtmoQVF4TS1vyU0WhYRnP92fzbfF75jAIwpnzdJXf8iTd4CMEqO4yUenH6NDqLiwjqlh6QgZzgLQ==",
      "requires": {
        "ieee754": "^1.1.12",
        "resolve-protobuf-schema": "^2.1.0"
      }
    },
    "probe.gl": {
      "version": "3.3.0",
      "resolved": "https://registry.npmjs.org/probe.gl/-/probe.gl-3.3.0.tgz",
      "integrity": "sha512-59E6AEw4N8sU4PKfAl7S2UBYJCOa064WpEFcXfeFOB/36FJtplYY+261DqLjLAvOqRRHiKVEQUBo63PQ3jKeWA==",
      "requires": {
        "@babel/runtime": "^7.0.0",
        "@probe.gl/stats": "3.3.0"
      }
    },
    "prop-types": {
      "version": "15.7.2",
      "resolved": "https://registry.npmjs.org/prop-types/-/prop-types-15.7.2.tgz",
      "integrity": "sha512-8QQikdH7//R2vurIJSutZ1smHYTcLpRWEOlHnzcWHmBYrOGUysKwSsrC89BCiFj3CbrfJ/nXFdJepOVrY1GCHQ==",
      "requires": {
        "loose-envify": "^1.4.0",
        "object-assign": "^4.1.1",
        "react-is": "^16.8.1"
      }
    },
    "protocol-buffers-schema": {
      "version": "3.4.0",
      "resolved": "https://registry.npmjs.org/protocol-buffers-schema/-/protocol-buffers-schema-3.4.0.tgz",
      "integrity": "sha512-G/2kcamPF2S49W5yaMGdIpkG6+5wZF0fzBteLKgEHjbNzqjZQ85aAs1iJGto31EJaSTkNvHs5IXuHSaTLWBAiA=="
    },
    "react": {
      "version": "17.0.1",
      "resolved": "https://registry.npmjs.org/react/-/react-17.0.1.tgz",
      "integrity": "sha512-lG9c9UuMHdcAexXtigOZLX8exLWkW0Ku29qPRU8uhF2R9BN96dLCt0psvzPLlHc5OWkgymP3qwTRgbnw5BKx3w==",
      "requires": {
        "loose-envify": "^1.1.0",
        "object-assign": "^4.1.1"
      }
    },
    "react-dom": {
      "version": "17.0.1",
      "resolved": "https://registry.npmjs.org/react-dom/-/react-dom-17.0.1.tgz",
      "integrity": "sha512-6eV150oJZ9U2t9svnsspTMrWNyHc6chX0KzDeAOXftRa8bNeOKTTfCJ7KorIwenkHd2xqVTBTCZd79yk/lx/Ug==",
      "requires": {
        "loose-envify": "^1.1.0",
        "object-assign": "^4.1.1",
        "scheduler": "^0.20.1"
      }
    },
    "react-is": {
      "version": "16.13.1",
      "resolved": "https://registry.npmjs.org/react-is/-/react-is-16.13.1.tgz",
      "integrity": "sha512-24e6ynE2H+OKt4kqsOvNd8kBpV65zoxbA4BVsEOB3ARVWQki/DHzaUoC5KuON/BiccDaCCTZBuOcfZs70kR8bQ=="
    },
    "regenerator-runtime": {
      "version": "0.13.7",
      "resolved": "https://registry.npmjs.org/regenerator-runtime/-/regenerator-runtime-0.13.7.tgz",
      "integrity": "sha512-a54FxoJDIr27pgf7IgeQGxmqUNYrcV338lf/6gH456HZ/PhX+5BcwHXG9ajESmwe6WRO0tAzRUrRmNONWgkrew=="
    },
    "resolve-protobuf-schema": {
      "version": "2.1.0",
      "resolved": "https://registry.npmjs.org/resolve-protobuf-schema/-/resolve-protobuf-schema-2.1.0.tgz",
      "integrity": "sha512-kI5ffTiZWmJaS/huM8wZfEMer1eRd7oJQhDuxeCLe3t7N7mX3z94CN0xPxBQxFYQTSNz9T0i+v6inKqSdK8xrQ==",
      "requires": {
        "protocol-buffers-schema": "^3.3.1"
      }
    },
    "rw": {
      "version": "1.3.3",
      "resolved": "https://registry.npmjs.org/rw/-/rw-1.3.3.tgz",
      "integrity": "sha1-P4Yt+pGrdmsUiF700BEkv9oHT7Q="
    },
    "safer-buffer": {
      "version": "2.1.2",
      "resolved": "https://registry.npmjs.org/safer-buffer/-/safer-buffer-2.1.2.tgz",
      "integrity": "sha512-YZo3K82SD7Riyi0E1EQPojLz7kpepnSQI9IyPbHHg1XXXevb5dJI7tpyN2ADxGcQbHG7vcyRHk0cbwqcQriUtg=="
    },
    "scheduler": {
      "version": "0.20.1",
      "resolved": "https://registry.npmjs.org/scheduler/-/scheduler-0.20.1.tgz",
      "integrity": "sha512-LKTe+2xNJBNxu/QhHvDR14wUXHRQbVY5ZOYpOGWRzhydZUqrLb2JBvLPY7cAqFmqrWuDED0Mjk7013SZiOz6Bw==",
      "requires": {
        "loose-envify": "^1.1.0",
        "object-assign": "^4.1.1"
      }
    },
    "webgl-obj-loader": {
      "version": "1.1.3",
      "resolved": "https://registry.npmjs.org/webgl-obj-loader/-/webgl-obj-loader-1.1.3.tgz",
      "integrity": "sha512-4S6PQKwW8L2kPoZilvpNFYFFqZxfYvCWaGyVMXgETLfrqjbrD0RzNIlcAZPOiJx1/GqtNM9ibje47kSSd+Jn/w=="
    },
    "xmlhttprequest": {
      "version": "1.8.0",
      "resolved": "https://registry.npmjs.org/xmlhttprequest/-/xmlhttprequest-1.8.0.tgz",
      "integrity": "sha1-Z/4HXFwk/vOfnWX197f+dRcZaPw="
    }
  }
}
